// !$*UTF8*$!
{
	archiveVersion = 1;
	classes = {
	};
	objectVersion = 77;
	objects = {

/* Begin PBXBuildFile section */
		094E002356093BE6F77D140D /* RemoteKeychain.swift in Sources */ = {isa = PBXBuildFile; fileRef = 5AE3A75BF934E7F7884ACA12 /* RemoteKeychain.swift */; };
		10AD0F90E657210C6CFE9F26 /* RemoteText.swift in Sources */ = {isa = PBXBuildFile; fileRef = 6DD7E33EB369C3302C36BADA /* RemoteText.swift */; };
		1970021C7F7E0FC5464C4433 /* DevicesView.swift in Sources */ = {isa = PBXBuildFile; fileRef = 1CEAD84B28A1735C296AEBF8 /* DevicesView.swift */; };
		1CAEA4510A03902701764DC2 /* MacPilotRemoteApp.swift in Sources */ = {isa = PBXBuildFile; fileRef = 82CA21A9B57090EDDD6FFE1B /* MacPilotRemoteApp.swift */; };
		1FDC655EF74A5B0A9E892D40 /* PairingSheetView.swift in Sources */ = {isa = PBXBuildFile; fileRef = 444FF6D1A1FFC5A9B039FE51 /* PairingSheetView.swift */; };
		2A4D3DB2192AC62F75C6B89D /* RemoteAppModel.swift in Sources */ = {isa = PBXBuildFile; fileRef = 2664C90B50B85054CF47D9B3 /* RemoteAppModel.swift */; };
		2D125F7F037A75EBFF60C57F /* TrackpadView.swift in Sources */ = {isa = PBXBuildFile; fileRef = 94F1B37F9E91D0638CF6DE1D /* TrackpadView.swift */; };
		36BB935C02EC8519CE7DAFB1 /* PairedMacStore.swift in Sources */ = {isa = PBXBuildFile; fileRef = 448BBB633EBACB20D7BD15CB /* PairedMacStore.swift */; };
		42668DE5A90C3F9737AD06C7 /* TrackpadContainerView.swift in Sources */ = {isa = PBXBuildFile; fileRef = 4D7C09D541D091153DBD26AA /* TrackpadContainerView.swift */; };
		4565B7126473EB3C4AD8F9AA /* AccelerationCurve.swift in Sources */ = {isa = PBXBuildFile; fileRef = BE5AAC04F84819EBB0BDBC6B /* AccelerationCurve.swift */; };
		52E3E061673C185BCB2D7463 /* TrackpadSettingsView.swift in Sources */ = {isa = PBXBuildFile; fileRef = FCFB309710B660CAEDF2CF72 /* TrackpadSettingsView.swift */; };
		534B34773F1A696B2114D81A /* TrackpadState.swift in Sources */ = {isa = PBXBuildFile; fileRef = 996A9B575EF823EFF98F1EB8 /* TrackpadState.swift */; };
		58102F1CE9508E1A18B14846 /* RemoteSettingsView.swift in Sources */ = {isa = PBXBuildFile; fileRef = CE506F7AEC00BC4D65847C12 /* RemoteSettingsView.swift */; };
		70EB80CE61981CAF16DD2B71 /* ScreenshotTests.swift in Sources */ = {isa = PBXBuildFile; fileRef = 447CDE5B9C0AAC4C65F9D517 /* ScreenshotTests.swift */; };
		746C20ADD2D532ED80A341B6 /* Assets.xcassets in Resources */ = {isa = PBXBuildFile; fileRef = D110E3CC36E64E72A3521A8C /* Assets.xcassets */; };
		7AD15026D75C2BBA62B0B152 /* RemoteTrackpadModel.swift in Sources */ = {isa = PBXBuildFile; fileRef = 42D31EAE82FAE4CB3CCAD7C9 /* RemoteTrackpadModel.swift */; };
		7F9A392EE7B644AB9A987F7A /* RemoteBLEPeripheral.swift in Sources */ = {isa = PBXBuildFile; fileRef = 7890B51F3A461DD34A2BF5C8 /* RemoteBLEPeripheral.swift */; };
		8ABE53FBAA8C5E88D864E561 /* RemoteConnectionManager.swift in Sources */ = {isa = PBXBuildFile; fileRef = 4E02298CA997F794F399CD46 /* RemoteConnectionManager.swift */; };
		8BCC090B7F4D8B0260BF0650 /* InputEvent.swift in Sources */ = {isa = PBXBuildFile; fileRef = C5B2D649254FA8EE4ED7FA7E /* InputEvent.swift */; };
		921C9954593FA4F21A8FA466 /* VelocityCalculator.swift in Sources */ = {isa = PBXBuildFile; fileRef = A11CCEAC5B50B59CC42724C3 /* VelocityCalculator.swift */; };
		97D7FA550D676240482EF5B6 /* RemoteDiscoveryService.swift in Sources */ = {isa = PBXBuildFile; fileRef = 96FDC5169DB8CA6CDC1009EF /* RemoteDiscoveryService.swift */; };
		9A1F5568F3ECD63FDD274EED /* TouchProcessor.swift in Sources */ = {isa = PBXBuildFile; fileRef = D152E96DBE715090384BAA76 /* TouchProcessor.swift */; };
		ABAB1A3DD21B1D9F93831A4A /* MacPilotRemoteProtocol in Frameworks */ = {isa = PBXBuildFile; productRef = 2DA6CC718265164CF50E009F /* MacPilotRemoteProtocol */; };
		BBA8EB473A8DFC5AFF6FC54E /* MacPilotRemoteTransport in Frameworks */ = {isa = PBXBuildFile; productRef = EC71CA884A51DA6FA3C258DF /* MacPilotRemoteTransport */; };
		C0F29AE38E0B010578AAD67D /* RemoteModels.swift in Sources */ = {isa = PBXBuildFile; fileRef = 3A556F1AAEC7A9B11C37B641 /* RemoteModels.swift */; };
		CC59413625ABC1AAEE0F80AA /* RootView.swift in Sources */ = {isa = PBXBuildFile; fileRef = E21C2AB621EFBC8E6529C0E5 /* RootView.swift */; };
		CDA789979157BEA48DED3C32 /* InertiaProcessor.swift in Sources */ = {isa = PBXBuildFile; fileRef = 99645C5EFB4EBEF5B3AD89F0 /* InertiaProcessor.swift */; };
		D9570EAFD947E6C943C5609E /* HomeView.swift in Sources */ = {isa = PBXBuildFile; fileRef = 09C3C7D3A57D31F56E250816 /* HomeView.swift */; };
		F15537871D1809E163DF01BC /* GestureEngine.swift in Sources */ = {isa = PBXBuildFile; fileRef = 4D1267A79F7F5D73F8C52E77 /* GestureEngine.swift */; };
		F3C089545C4EA8D2B889DDE3 /* TrackpadOrientationPicker.swift in Sources */ = {isa = PBXBuildFile; fileRef = 92485221498B346AC79F3C24 /* TrackpadOrientationPicker.swift */; };
/* End PBXBuildFile section */

/* Begin PBXContainerItemProxy section */
		D8CFC4C5F5A5605DA4486462 /* PBXContainerItemProxy */ = {
			isa = PBXContainerItemProxy;
			containerPortal = 8C641AE4462303326A5A6484 /* Project object */;
			proxyType = 1;
			remoteGlobalIDString = BF89C0BED59832E585A6F654;
			remoteInfo = MacPilotRemote;
		};
/* End PBXContainerItemProxy section */

/* Begin PBXFileReference section */
		07C1EB6A722858B0212F438D /* MacPilotRemote.app */ = {isa = PBXFileReference; includeInIndex = 0; lastKnownFileType = wrapper.application; path = MacPilotRemote.app; sourceTree = BUILT_PRODUCTS_DIR; };
		09C3C7D3A57D31F56E250816 /* HomeView.swift */ = {isa = PBXFileReference; lastKnownFileType = sourcecode.swift; path = HomeView.swift; sourceTree = "<group>"; };
		1CEAD84B28A1735C296AEBF8 /* DevicesView.swift */ = {isa = PBXFileReference; lastKnownFileType = sourcecode.swift; path = DevicesView.swift; sourceTree = "<group>"; };
		2664C90B50B85054CF47D9B3 /* RemoteAppModel.swift */ = {isa = PBXFileReference; lastKnownFileType = sourcecode.swift; path = RemoteAppModel.swift; sourceTree = "<group>"; };
		3A556F1AAEC7A9B11C37B641 /* RemoteModels.swift */ = {isa = PBXFileReference; lastKnownFileType = sourcecode.swift; path = RemoteModels.swift; sourceTree = "<group>"; };
		42D31EAE82FAE4CB3CCAD7C9 /* RemoteTrackpadModel.swift */ = {isa = PBXFileReference; lastKnownFileType = sourcecode.swift; path = RemoteTrackpadModel.swift; sourceTree = "<group>"; };
		444FF6D1A1FFC5A9B039FE51 /* PairingSheetView.swift */ = {isa = PBXFileReference; lastKnownFileType = sourcecode.swift; path = PairingSheetView.swift; sourceTree = "<group>"; };
		447CDE5B9C0AAC4C65F9D517 /* ScreenshotTests.swift */ = {isa = PBXFileReference; lastKnownFileType = sourcecode.swift; path = ScreenshotTests.swift; sourceTree = "<group>"; };
		448BBB633EBACB20D7BD15CB /* PairedMacStore.swift */ = {isa = PBXFileReference; lastKnownFileType = sourcecode.swift; path = PairedMacStore.swift; sourceTree = "<group>"; };
		4AE0998F761C1A856CE81DDD /* MacPilotRemoteScreenshots.xctest */ = {isa = PBXFileReference; includeInIndex = 0; lastKnownFileType = wrapper.cfbundle; path = MacPilotRemoteScreenshots.xctest; sourceTree = BUILT_PRODUCTS_DIR; };
		4D1267A79F7F5D73F8C52E77 /* GestureEngine.swift */ = {isa = PBXFileReference; lastKnownFileType = sourcecode.swift; path = GestureEngine.swift; sourceTree = "<group>"; };
		4D7C09D541D091153DBD26AA /* TrackpadContainerView.swift */ = {isa = PBXFileReference; lastKnownFileType = sourcecode.swift; path = TrackpadContainerView.swift; sourceTree = "<group>"; };
		4E02298CA997F794F399CD46 /* RemoteConnectionManager.swift */ = {isa = PBXFileReference; lastKnownFileType = sourcecode.swift; path = RemoteConnectionManager.swift; sourceTree = "<group>"; };
		5AE3A75BF934E7F7884ACA12 /* RemoteKeychain.swift */ = {isa = PBXFileReference; lastKnownFileType = sourcecode.swift; path = RemoteKeychain.swift; sourceTree = "<group>"; };
		6DD7E33EB369C3302C36BADA /* RemoteText.swift */ = {isa = PBXFileReference; lastKnownFileType = sourcecode.swift; path = RemoteText.swift; sourceTree = "<group>"; };
		7890B51F3A461DD34A2BF5C8 /* RemoteBLEPeripheral.swift */ = {isa = PBXFileReference; lastKnownFileType = sourcecode.swift; path = RemoteBLEPeripheral.swift; sourceTree = "<group>"; };
		82CA21A9B57090EDDD6FFE1B /* MacPilotRemoteApp.swift */ = {isa = PBXFileReference; lastKnownFileType = sourcecode.swift; path = MacPilotRemoteApp.swift; sourceTree = "<group>"; };
		8D425482A5A46A96A727A35D /* Info.plist */ = {isa = PBXFileReference; lastKnownFileType = text.plist; path = Info.plist; sourceTree = "<group>"; };
		92485221498B346AC79F3C24 /* TrackpadOrientationPicker.swift */ = {isa = PBXFileReference; lastKnownFileType = sourcecode.swift; path = TrackpadOrientationPicker.swift; sourceTree = "<group>"; };
		94F1B37F9E91D0638CF6DE1D /* TrackpadView.swift */ = {isa = PBXFileReference; lastKnownFileType = sourcecode.swift; path = TrackpadView.swift; sourceTree = "<group>"; };
		96FDC5169DB8CA6CDC1009EF /* RemoteDiscoveryService.swift */ = {isa = PBXFileReference; lastKnownFileType = sourcecode.swift; path = RemoteDiscoveryService.swift; sourceTree = "<group>"; };
		99645C5EFB4EBEF5B3AD89F0 /* InertiaProcessor.swift */ = {isa = PBXFileReference; lastKnownFileType = sourcecode.swift; path = InertiaProcessor.swift; sourceTree = "<group>"; };
		996A9B575EF823EFF98F1EB8 /* TrackpadState.swift */ = {isa = PBXFileReference; lastKnownFileType = sourcecode.swift; path = TrackpadState.swift; sourceTree = "<group>"; };
		A11CCEAC5B50B59CC42724C3 /* VelocityCalculator.swift */ = {isa = PBXFileReference; lastKnownFileType = sourcecode.swift; path = VelocityCalculator.swift; sourceTree = "<group>"; };
		A631B526163D86A62B57FE38 /* MacPilotRemoteProtocol */ = {isa = PBXFileReference; lastKnownFileType = folder; name = MacPilotRemoteProtocol; path = ../../Packages/MacPilotRemoteProtocol; sourceTree = SOURCE_ROOT; };
		BE5AAC04F84819EBB0BDBC6B /* AccelerationCurve.swift */ = {isa = PBXFileReference; lastKnownFileType = sourcecode.swift; path = AccelerationCurve.swift; sourceTree = "<group>"; };
		C5B2D649254FA8EE4ED7FA7E /* InputEvent.swift */ = {isa = PBXFileReference; lastKnownFileType = sourcecode.swift; path = InputEvent.swift; sourceTree = "<group>"; };
		CE506F7AEC00BC4D65847C12 /* RemoteSettingsView.swift */ = {isa = PBXFileReference; lastKnownFileType = sourcecode.swift; path = RemoteSettingsView.swift; sourceTree = "<group>"; };
		D110E3CC36E64E72A3521A8C /* Assets.xcassets */ = {isa = PBXFileReference; lastKnownFileType = folder.assetcatalog; path = Assets.xcassets; sourceTree = "<group>"; };
		D152E96DBE715090384BAA76 /* TouchProcessor.swift */ = {isa = PBXFileReference; lastKnownFileType = sourcecode.swift; path = TouchProcessor.swift; sourceTree = "<group>"; };
		E21C2AB621EFBC8E6529C0E5 /* RootView.swift */ = {isa = PBXFileReference; lastKnownFileType = sourcecode.swift; path = RootView.swift; sourceTree = "<group>"; };
		FCFB309710B660CAEDF2CF72 /* TrackpadSettingsView.swift */ = {isa = PBXFileReference; lastKnownFileType = sourcecode.swift; path = TrackpadSettingsView.swift; sourceTree = "<group>"; };
/* End PBXFileReference section */

/* Begin PBXFrameworksBuildPhase section */
		DCBF8BD64257C4BA411EC593 /* Frameworks */ = {
			isa = PBXFrameworksBuildPhase;
			buildActionMask = 2147483647;
			files = (
				ABAB1A3DD21B1D9F93831A4A /* MacPilotRemoteProtocol in Frameworks */,
				BBA8EB473A8DFC5AFF6FC54E /* MacPilotRemoteTransport in Frameworks */,
			);
			runOnlyForDeploymentPostprocessing = 0;
		};
/* End PBXFrameworksBuildPhase section */

/* Begin PBXGroup section */
		03A6AD22A3CD1D7F2B335C6F /* Protocol */ = {
			isa = PBXGroup;
			children = (
				C5B2D649254FA8EE4ED7FA7E /* InputEvent.swift */,
			);
			path = Protocol;
			sourceTree = "<group>";
		};
		04BEC7E993C260819B3BD1FE /* Settings */ = {
			isa = PBXGroup;
			children = (
				CE506F7AEC00BC4D65847C12 /* RemoteSettingsView.swift */,
			);
			path = Settings;
			sourceTree = "<group>";
		};
		0FAA3C3A5820E7378FF387B9 /* Security */ = {
			isa = PBXGroup;
			children = (
				5AE3A75BF934E7F7884ACA12 /* RemoteKeychain.swift */,
			);
			path = Security;
			sourceTree = "<group>";
		};
		39EC12C68FFA2B00A907F119 /* ScreenshotTests */ = {
			isa = PBXGroup;
			children = (
				447CDE5B9C0AAC4C65F9D517 /* ScreenshotTests.swift */,
			);
			path = ScreenshotTests;
			sourceTree = "<group>";
		};
		52A3BC1C5D25FAF2F980050F /* RemoteTrackpad */ = {
			isa = PBXGroup;
			children = (
				6471B55E296965F948F09130 /* Engine */,
				03A6AD22A3CD1D7F2B335C6F /* Protocol */,
				8250D46C1F327D45A1DCAEFA /* State */,
				7531B51E8255509A2C4DD315 /* Views */,
			);
			path = RemoteTrackpad;
			sourceTree = "<group>";
		};
		5AD0C433F771B6DB57F8406B /* Networking */ = {
			isa = PBXGroup;
			children = (
				7890B51F3A461DD34A2BF5C8 /* RemoteBLEPeripheral.swift */,
				4E02298CA997F794F399CD46 /* RemoteConnectionManager.swift */,
				96FDC5169DB8CA6CDC1009EF /* RemoteDiscoveryService.swift */,
			);
			path = Networking;
			sourceTree = "<group>";
		};
		6471B55E296965F948F09130 /* Engine */ = {
			isa = PBXGroup;
			children = (
				BE5AAC04F84819EBB0BDBC6B /* AccelerationCurve.swift */,
				4D1267A79F7F5D73F8C52E77 /* GestureEngine.swift */,
				99645C5EFB4EBEF5B3AD89F0 /* InertiaProcessor.swift */,
				D152E96DBE715090384BAA76 /* TouchProcessor.swift */,
				A11CCEAC5B50B59CC42724C3 /* VelocityCalculator.swift */,
			);
			path = Engine;
			sourceTree = "<group>";
		};
		6BE6777B50F6EF2CE8B2AE31 /* Resources */ = {
			isa = PBXGroup;
			children = (
				D110E3CC36E64E72A3521A8C /* Assets.xcassets */,
				8D425482A5A46A96A727A35D /* Info.plist */,
				6DD7E33EB369C3302C36BADA /* RemoteText.swift */,
			);
			path = Resources;
			sourceTree = "<group>";
		};
		7531B51E8255509A2C4DD315 /* Views */ = {
			isa = PBXGroup;
			children = (
				4D7C09D541D091153DBD26AA /* TrackpadContainerView.swift */,
				92485221498B346AC79F3C24 /* TrackpadOrientationPicker.swift */,
				FCFB309710B660CAEDF2CF72 /* TrackpadSettingsView.swift */,
				94F1B37F9E91D0638CF6DE1D /* TrackpadView.swift */,
			);
			path = Views;
			sourceTree = "<group>";
		};
		8250D46C1F327D45A1DCAEFA /* State */ = {
			isa = PBXGroup;
			children = (
				42D31EAE82FAE4CB3CCAD7C9 /* RemoteTrackpadModel.swift */,
				996A9B575EF823EFF98F1EB8 /* TrackpadState.swift */,
			);
			path = State;
			sourceTree = "<group>";
		};
		9934B3C9E8F3E0FF5229B1EB /* App */ = {
			isa = PBXGroup;
			children = (
				82CA21A9B57090EDDD6FFE1B /* MacPilotRemoteApp.swift */,
				2664C90B50B85054CF47D9B3 /* RemoteAppModel.swift */,
			);
			path = App;
			sourceTree = "<group>";
		};
		99AA3E05D82BA8190DB8E23A /* Features */ = {
			isa = PBXGroup;
			children = (
				EE27B0EF9AB44287DE27EDE2 /* Devices */,
				AEFF42AEFEC4E75D3C8350CF /* Home */,
				C1CBB1CAD3F2B168B73D58F5 /* Pairing */,
				52A3BC1C5D25FAF2F980050F /* RemoteTrackpad */,
				04BEC7E993C260819B3BD1FE /* Settings */,
				E21C2AB621EFBC8E6529C0E5 /* RootView.swift */,
			);
			path = Features;
			sourceTree = "<group>";
		};
		AEFF42AEFEC4E75D3C8350CF /* Home */ = {
			isa = PBXGroup;
			children = (
				09C3C7D3A57D31F56E250816 /* HomeView.swift */,
			);
			path = Home;
			sourceTree = "<group>";
		};
		B31C980B607B2496227FCA06 /* Models */ = {
			isa = PBXGroup;
			children = (
				448BBB633EBACB20D7BD15CB /* PairedMacStore.swift */,
				3A556F1AAEC7A9B11C37B641 /* RemoteModels.swift */,
			);
			path = Models;
			sourceTree = "<group>";
		};
		C1CBB1CAD3F2B168B73D58F5 /* Pairing */ = {
			isa = PBXGroup;
			children = (
				444FF6D1A1FFC5A9B039FE51 /* PairingSheetView.swift */,
			);
			path = Pairing;
			sourceTree = "<group>";
		};
		D1421A93E52D81179AD54037 /* Packages */ = {
			isa = PBXGroup;
			children = (
				A631B526163D86A62B57FE38 /* MacPilotRemoteProtocol */,
			);
			name = Packages;
			sourceTree = "<group>";
		};
		D1770DB10F150C4D6CE0E142 /* MacPilotRemote */ = {
			isa = PBXGroup;
			children = (
				9934B3C9E8F3E0FF5229B1EB /* App */,
				99AA3E05D82BA8190DB8E23A /* Features */,
				B31C980B607B2496227FCA06 /* Models */,
				5AD0C433F771B6DB57F8406B /* Networking */,
				6BE6777B50F6EF2CE8B2AE31 /* Resources */,
				0FAA3C3A5820E7378FF387B9 /* Security */,
			);
			path = MacPilotRemote;
			sourceTree = "<group>";
		};
		E19ACBFE76D55E17DC335099 = {
			isa = PBXGroup;
			children = (
				D1770DB10F150C4D6CE0E142 /* MacPilotRemote */,
				D1421A93E52D81179AD54037 /* Packages */,
				39EC12C68FFA2B00A907F119 /* ScreenshotTests */,
				EF8776579A3F761EECCE4C3C /* Products */,
			);
			sourceTree = "<group>";
		};
		EE27B0EF9AB44287DE27EDE2 /* Devices */ = {
			isa = PBXGroup;
			children = (
				1CEAD84B28A1735C296AEBF8 /* DevicesView.swift */,
			);
			path = Devices;
			sourceTree = "<group>";
		};
		EF8776579A3F761EECCE4C3C /* Products */ = {
			isa = PBXGroup;
			children = (
				07C1EB6A722858B0212F438D /* MacPilotRemote.app */,
				4AE0998F761C1A856CE81DDD /* MacPilotRemoteScreenshots.xctest */,
			);
			name = Products;
			sourceTree = "<group>";
		};
/* End PBXGroup section */

/* Begin PBXNativeTarget section */
		BF89C0BED59832E585A6F654 /* MacPilotRemote */ = {
			isa = PBXNativeTarget;
			buildConfigurationList = 84BC82F7A2F8B438FA8ECB42 /* Build configuration list for PBXNativeTarget "MacPilotRemote" */;
			buildPhases = (
				CCCDF8B6DDED1E127DF97878 /* Sources */,
				E77C8D2B31ED0D9B48C9F986 /* Resources */,
				DCBF8BD64257C4BA411EC593 /* Frameworks */,
			);
			buildRules = (
			);
			dependencies = (
			);
			name = MacPilotRemote;
			packageProductDependencies = (
				2DA6CC718265164CF50E009F /* MacPilotRemoteProtocol */,
				EC71CA884A51DA6FA3C258DF /* MacPilotRemoteTransport */,
			);
			productName = MacPilotRemote;
			productReference = 07C1EB6A722858B0212F438D /* MacPilotRemote.app */;
			productType = "com.apple.product-type.application";
		};
		F2534AA8744243E3E4711BF2 /* MacPilotRemoteScreenshots */ = {
			isa = PBXNativeTarget;
			buildConfigurationList = 06CFC8742F9F4AD562158374 /* Build configuration list for PBXNativeTarget "MacPilotRemoteScreenshots" */;
			buildPhases = (
				7AEFE30657CD692DD485B615 /* Sources */,
			);
			buildRules = (
			);
			dependencies = (
				4C4DAC8A06A16FE684C23277 /* PBXTargetDependency */,
			);
			name = MacPilotRemoteScreenshots;
			packageProductDependencies = (
			);
			productName = MacPilotRemoteScreenshots;
			productReference = 4AE0998F761C1A856CE81DDD /* MacPilotRemoteScreenshots.xctest */;
			productType = "com.apple.product-type.bundle.ui-testing";
		};
/* End PBXNativeTarget section */

/* Begin PBXProject section */
		8C641AE4462303326A5A6484 /* Project object */ = {
			isa = PBXProject;
			attributes = {
				BuildIndependentTargetsInParallel = YES;
				LastUpgradeCheck = 1430;
				TargetAttributes = {
					BF89C0BED59832E585A6F654 = {
						DevelopmentTeam = U8U443D7ZL;
						ProvisioningStyle = Automatic;
					};
					F2534AA8744243E3E4711BF2 = {
						DevelopmentTeam = U8U443D7ZL;
						ProvisioningStyle = Automatic;
						TestTargetID = BF89C0BED59832E585A6F654;
					};
				};
			};
			buildConfigurationList = 7BB6C3237850E79143F770AD /* Build configuration list for PBXProject "MacPilotRemote" */;
			developmentRegion = en;
			hasScannedForEncodings = 0;
			knownRegions = (
				Base,
				en,
			);
			mainGroup = E19ACBFE76D55E17DC335099;
			minimizedProjectReferenceProxies = 1;
			packageReferences = (
				836BE0B205034F5B848233EE /* XCLocalSwiftPackageReference "../../Packages/MacPilotRemoteProtocol" */,
			);
			preferredProjectObjectVersion = 77;
			productRefGroup = EF8776579A3F761EECCE4C3C /* Products */;
			projectDirPath = "";
			projectRoot = "";
			targets = (
				BF89C0BED59832E585A6F654 /* MacPilotRemote */,
				F2534AA8744243E3E4711BF2 /* MacPilotRemoteScreenshots */,
			);
		};
/* End PBXProject section */

/* Begin PBXResourcesBuildPhase section */
		E77C8D2B31ED0D9B48C9F986 /* Resources */ = {
			isa = PBXResourcesBuildPhase;
			buildActionMask = 2147483647;
			files = (
				746C20ADD2D532ED80A341B6 /* Assets.xcassets in Resources */,
			);
			runOnlyForDeploymentPostprocessing = 0;
		};
/* End PBXResourcesBuildPhase section */

/* Begin PBXSourcesBuildPhase section */
		7AEFE30657CD692DD485B615 /* Sources */ = {
			isa = PBXSourcesBuildPhase;
			buildActionMask = 2147483647;
			files = (
				70EB80CE61981CAF16DD2B71 /* ScreenshotTests.swift in Sources */,
			);
			runOnlyForDeploymentPostprocessing = 0;
		};
		CCCDF8B6DDED1E127DF97878 /* Sources */ = {
			isa = PBXSourcesBuildPhase;
			buildActionMask = 2147483647;
			files = (
				4565B7126473EB3C4AD8F9AA /* AccelerationCurve.swift in Sources */,
				1970021C7F7E0FC5464C4433 /* DevicesView.swift in Sources */,
				F15537871D1809E163DF01BC /* GestureEngine.swift in Sources */,
				D9570EAFD947E6C943C5609E /* HomeView.swift in Sources */,
				CDA789979157BEA48DED3C32 /* InertiaProcessor.swift in Sources */,
				8BCC090B7F4D8B0260BF0650 /* InputEvent.swift in Sources */,
				1CAEA4510A03902701764DC2 /* MacPilotRemoteApp.swift in Sources */,
				36BB935C02EC8519CE7DAFB1 /* PairedMacStore.swift in Sources */,
				1FDC655EF74A5B0A9E892D40 /* PairingSheetView.swift in Sources */,
				2A4D3DB2192AC62F75C6B89D /* RemoteAppModel.swift in Sources */,
				7F9A392EE7B644AB9A987F7A /* RemoteBLEPeripheral.swift in Sources */,
				8ABE53FBAA8C5E88D864E561 /* RemoteConnectionManager.swift in Sources */,
				97D7FA550D676240482EF5B6 /* RemoteDiscoveryService.swift in Sources */,
				094E002356093BE6F77D140D /* RemoteKeychain.swift in Sources */,
				C0F29AE38E0B010578AAD67D /* RemoteModels.swift in Sources */,
				58102F1CE9508E1A18B14846 /* RemoteSettingsView.swift in Sources */,
				10AD0F90E657210C6CFE9F26 /* RemoteText.swift in Sources */,
				7AD15026D75C2BBA62B0B152 /* RemoteTrackpadModel.swift in Sources */,
				CC59413625ABC1AAEE0F80AA /* RootView.swift in Sources */,
				9A1F5568F3ECD63FDD274EED /* TouchProcessor.swift in Sources */,
				42668DE5A90C3F9737AD06C7 /* TrackpadContainerView.swift in Sources */,
				F3C089545C4EA8D2B889DDE3 /* TrackpadOrientationPicker.swift in Sources */,
				52E3E061673C185BCB2D7463 /* TrackpadSettingsView.swift in Sources */,
				534B34773F1A696B2114D81A /* TrackpadState.swift in Sources */,
				2D125F7F037A75EBFF60C57F /* TrackpadView.swift in Sources */,
				921C9954593FA4F21A8FA466 /* VelocityCalculator.swift in Sources */,
			);
			runOnlyForDeploymentPostprocessing = 0;
		};
/* End PBXSourcesBuildPhase section */

/* Begin PBXTargetDependency section */
		4C4DAC8A06A16FE684C23277 /* PBXTargetDependency */ = {
			isa = PBXTargetDependency;
			target = BF89C0BED59832E585A6F654 /* MacPilotRemote */;
			targetProxy = D8CFC4C5F5A5605DA4486462 /* PBXContainerItemProxy */;
		};
/* End PBXTargetDependency section */

/* Begin XCBuildConfiguration section */
		31456B5961583587F2EE2D40 /* Debug */ = {
			isa = XCBuildConfiguration;
			buildSettings = {
				ALWAYS_SEARCH_USER_PATHS = NO;
				CLANG_ANALYZER_NONNULL = YES;
				CLANG_ANALYZER_NUMBER_OBJECT_CONVERSION = YES_AGGRESSIVE;
				CLANG_CXX_LANGUAGE_STANDARD = "gnu++14";
				CLANG_CXX_LIBRARY = "libc++";
				CLANG_ENABLE_MODULES = YES;
				CLANG_ENABLE_OBJC_ARC = YES;
				CLANG_ENABLE_OBJC_WEAK = YES;
				CLANG_WARN_BLOCK_CAPTURE_AUTORELEASING = YES;
				CLANG_WARN_BOOL_CONVERSION = YES;
				CLANG_WARN_COMMA = YES;
				CLANG_WARN_CONSTANT_CONVERSION = YES;
				CLANG_WARN_DEPRECATED_OBJC_IMPLEMENTATIONS = YES;
				CLANG_WARN_DIRECT_OBJC_ISA_USAGE = YES_ERROR;
				CLANG_WARN_DOCUMENTATION_COMMENTS = YES;
				CLANG_WARN_EMPTY_BODY = YES;
				CLANG_WARN_ENUM_CONVERSION = YES;
				CLANG_WARN_INFINITE_RECURSION = YES;
				CLANG_WARN_INT_CONVERSION = YES;
				CLANG_WARN_NON_LITERAL_NULL_CONVERSION = YES;
				CLANG_WARN_OBJC_IMPLICIT_RETAIN_SELF = YES;
				CLANG_WARN_OBJC_LITERAL_CONVERSION = YES;
				CLANG_WARN_OBJC_ROOT_CLASS = YES_ERROR;
				CLANG_WARN_QUOTED_INCLUDE_IN_FRAMEWORK_HEADER = YES;
				CLANG_WARN_RANGE_LOOP_ANALYSIS = YES;
				CLANG_WARN_STRICT_PROTOTYPES = YES;
				CLANG_WARN_SUSPICIOUS_MOVE = YES;
				CLANG_WARN_UNGUARDED_AVAILABILITY = YES_AGGRESSIVE;
				CLANG_WARN_UNREACHABLE_CODE = YES;
				CLANG_WARN__DUPLICATE_METHOD_MATCH = YES;
				CODE_SIGN_STYLE = Automatic;
				COPY_PHASE_STRIP = NO;
				DEBUG_INFORMATION_FORMAT = dwarf;
				DEVELOPMENT_TEAM = U8U443D7ZL;
				ENABLE_STRICT_OBJC_MSGSEND = YES;
				ENABLE_TESTABILITY = YES;
				ENABLE_USER_SCRIPT_SANDBOXING = YES;
				GCC_C_LANGUAGE_STANDARD = gnu11;
				GCC_DYNAMIC_NO_PIC = NO;
				GCC_NO_COMMON_BLOCKS = YES;
				GCC_OPTIMIZATION_LEVEL = 0;
				GCC_PREPROCESSOR_DEFINITIONS = (
					"$(inherited)",
					"DEBUG=1",
				);
				GCC_WARN_64_TO_32_BIT_CONVERSION = YES;
				GCC_WARN_ABOUT_RETURN_TYPE = YES_ERROR;
				GCC_WARN_UNDECLARED_SELECTOR = YES;
				GCC_WARN_UNINITIALIZED_AUTOS = YES_AGGRESSIVE;
				GCC_WARN_UNUSED_FUNCTION = YES;
				GCC_WARN_UNUSED_VARIABLE = YES;
				IPHONEOS_DEPLOYMENT_TARGET = 17.0;
				MTL_ENABLE_DEBUG_INFO = INCLUDE_SOURCE;
				MTL_FAST_MATH = YES;
				ONLY_ACTIVE_ARCH = YES;
				PRODUCT_NAME = "$(TARGET_NAME)";
				SDKROOT = iphoneos;
				SWIFT_ACTIVE_COMPILATION_CONDITIONS = DEBUG;
				SWIFT_OPTIMIZATION_LEVEL = "-Onone";
				SWIFT_STRICT_CONCURRENCY = complete;
				SWIFT_VERSION = 6.0;
			};
			name = Debug;
		};
		319ADB054852D11A29A01790 /* Debug */ = {
			isa = XCBuildConfiguration;
			buildSettings = {
				ASSETCATALOG_COMPILER_APPICON_NAME = AppIcon;
				CODE_SIGN_IDENTITY = "iPhone Developer";
				CURRENT_PROJECT_VERSION = 2;
				GENERATE_INFOPLIST_FILE = NO;
				INFOPLIST_FILE = MacPilotRemote/Resources/Info.plist;
				LD_RUNPATH_SEARCH_PATHS = (
					"$(inherited)",
					"@executable_path/Frameworks",
				);
				MARKETING_VERSION = 1.0.3;
				PRODUCT_BUNDLE_IDENTIFIER = com.misswell.macpilot.remote;
				PRODUCT_NAME = PilotNest;
				SDKROOT = iphoneos;
				SUPPORTS_MACCATALYST = NO;
				TARGETED_DEVICE_FAMILY = 1;
			};
			name = Debug;
		};
		3DE75CE3F8DCAB2221A6ABB4 /* Release */ = {
			isa = XCBuildConfiguration;
			buildSettings = {
				ASSETCATALOG_COMPILER_APPICON_NAME = AppIcon;
				CODE_SIGN_IDENTITY = "iPhone Developer";
				CURRENT_PROJECT_VERSION = 2;
				GENERATE_INFOPLIST_FILE = NO;
				INFOPLIST_FILE = MacPilotRemote/Resources/Info.plist;
				LD_RUNPATH_SEARCH_PATHS = (
					"$(inherited)",
					"@executable_path/Frameworks",
				);
				MARKETING_VERSION = 1.0.3;
				PRODUCT_BUNDLE_IDENTIFIER = com.misswell.macpilot.remote;
				PRODUCT_NAME = PilotNest;
				SDKROOT = iphoneos;
				SUPPORTS_MACCATALYST = NO;
				TARGETED_DEVICE_FAMILY = 1;
			};
			name = Release;
		};
		4B82A71E675AEB1A57706F03 /* Release */ = {
			isa = XCBuildConfiguration;
			buildSettings = {
				BUNDLE_LOADER = "$(TEST_HOST)";
				GENERATE_INFOPLIST_FILE = YES;
				LD_RUNPATH_SEARCH_PATHS = (
					"$(inherited)",
					"@executable_path/Frameworks",
					"@loader_path/Frameworks",
				);
				PRODUCT_BUNDLE_IDENTIFIER = com.misswell.macpilot.remote.screenshots;
				SDKROOT = iphoneos;
				SUPPORTS_MACCATALYST = NO;
				TARGETED_DEVICE_FAMILY = "1,2";
				TEST_TARGET_NAME = MacPilotRemote;
			};
			name = Release;
		};
		517CF1A23C1929B03B500EC9 /* Release */ = {
			isa = XCBuildConfiguration;
			buildSettings = {
				ALWAYS_SEARCH_USER_PATHS = NO;
				CLANG_ANALYZER_NONNULL = YES;
				CLANG_ANALYZER_NUMBER_OBJECT_CONVERSION = YES_AGGRESSIVE;
				CLANG_CXX_LANGUAGE_STANDARD = "gnu++14";
				CLANG_CXX_LIBRARY = "libc++";
				CLANG_ENABLE_MODULES = YES;
				CLANG_ENABLE_OBJC_ARC = YES;
				CLANG_ENABLE_OBJC_WEAK = YES;
				CLANG_WARN_BLOCK_CAPTURE_AUTORELEASING = YES;
				CLANG_WARN_BOOL_CONVERSION = YES;
				CLANG_WARN_COMMA = YES;
				CLANG_WARN_CONSTANT_CONVERSION = YES;
				CLANG_WARN_DEPRECATED_OBJC_IMPLEMENTATIONS = YES;
				CLANG_WARN_DIRECT_OBJC_ISA_USAGE = YES_ERROR;
				CLANG_WARN_DOCUMENTATION_COMMENTS = YES;
				CLANG_WARN_EMPTY_BODY = YES;
				CLANG_WARN_ENUM_CONVERSION = YES;
				CLANG_WARN_INFINITE_RECURSION = YES;
				CLANG_WARN_INT_CONVERSION = YES;
				CLANG_WARN_NON_LITERAL_NULL_CONVERSION = YES;
				CLANG_WARN_OBJC_IMPLICIT_RETAIN_SELF = YES;
				CLANG_WARN_OBJC_LITERAL_CONVERSION = YES;
				CLANG_WARN_OBJC_ROOT_CLASS = YES_ERROR;
				CLANG_WARN_QUOTED_INCLUDE_IN_FRAMEWORK_HEADER = YES;
				CLANG_WARN_RANGE_LOOP_ANALYSIS = YES;
				CLANG_WARN_STRICT_PROTOTYPES = YES;
				CLANG_WARN_SUSPICIOUS_MOVE = YES;
				CLANG_WARN_UNGUARDED_AVAILABILITY = YES_AGGRESSIVE;
				CLANG_WARN_UNREACHABLE_CODE = YES;
				CLANG_WARN__DUPLICATE_METHOD_MATCH = YES;
				CODE_SIGN_STYLE = Automatic;
				COPY_PHASE_STRIP = NO;
				DEBUG_INFORMATION_FORMAT = "dwarf-with-dsym";
				DEVELOPMENT_TEAM = U8U443D7ZL;
				ENABLE_NS_ASSERTIONS = NO;
				ENABLE_STRICT_OBJC_MSGSEND = YES;
				ENABLE_USER_SCRIPT_SANDBOXING = YES;
				GCC_C_LANGUAGE_STANDARD = gnu11;
				GCC_NO_COMMON_BLOCKS = YES;
				GCC_WARN_64_TO_32_BIT_CONVERSION = YES;
				GCC_WARN_ABOUT_RETURN_TYPE = YES_ERROR;
				GCC_WARN_UNDECLARED_SELECTOR = YES;
				GCC_WARN_UNINITIALIZED_AUTOS = YES_AGGRESSIVE;
				GCC_WARN_UNUSED_FUNCTION = YES;
				GCC_WARN_UNUSED_VARIABLE = YES;
				IPHONEOS_DEPLOYMENT_TARGET = 17.0;
				MTL_ENABLE_DEBUG_INFO = NO;
				MTL_FAST_MATH = YES;
				PRODUCT_NAME = "$(TARGET_NAME)";
				SDKROOT = iphoneos;
				SWIFT_COMPILATION_MODE = wholemodule;
				SWIFT_OPTIMIZATION_LEVEL = "-O";
				SWIFT_STRICT_CONCURRENCY = complete;
				SWIFT_VERSION = 6.0;
			};
			name = Release;
		};
		A954711743324906D7B5330C /* Debug */ = {
			isa = XCBuildConfiguration;
			buildSettings = {
				BUNDLE_LOADER = "$(TEST_HOST)";
				GENERATE_INFOPLIST_FILE = YES;
				LD_RUNPATH_SEARCH_PATHS = (
					"$(inherited)",
					"@executable_path/Frameworks",
					"@loader_path/Frameworks",
				);
				PRODUCT_BUNDLE_IDENTIFIER = com.misswell.macpilot.remote.screenshots;
				SDKROOT = iphoneos;
				SUPPORTS_MACCATALYST = NO;
				TARGETED_DEVICE_FAMILY = "1,2";
				TEST_TARGET_NAME = MacPilotRemote;
			};
			name = Debug;
		};
/* End XCBuildConfiguration section */

/* Begin XCConfigurationList section */
		06CFC8742F9F4AD562158374 /* Build configuration list for PBXNativeTarget "MacPilotRemoteScreenshots" */ = {
			isa = XCConfigurationList;
			buildConfigurations = (
				A954711743324906D7B5330C /* Debug */,
				4B82A71E675AEB1A57706F03 /* Release */,
			);
			defaultConfigurationIsVisible = 0;
			defaultConfigurationName = Debug;
		};
		7BB6C3237850E79143F770AD /* Build configuration list for PBXProject "MacPilotRemote" */ = {
			isa = XCConfigurationList;
			buildConfigurations = (
				31456B5961583587F2EE2D40 /* Debug */,
				517CF1A23C1929B03B500EC9 /* Release */,
			);
			defaultConfigurationIsVisible = 0;
			defaultConfigurationName = Debug;
		};
		84BC82F7A2F8B438FA8ECB42 /* Build configuration list for PBXNativeTarget "MacPilotRemote" */ = {
			isa = XCConfigurationList;
			buildConfigurations = (
				319ADB054852D11A29A01790 /* Debug */,
				3DE75CE3F8DCAB2221A6ABB4 /* Release */,
			);
			defaultConfigurationIsVisible = 0;
			defaultConfigurationName = Debug;
		};
/* End XCConfigurationList section */

/* Begin XCLocalSwiftPackageReference section */
		836BE0B205034F5B848233EE /* XCLocalSwiftPackageReference "../../Packages/MacPilotRemoteProtocol" */ = {
			isa = XCLocalSwiftPackageReference;
			relativePath = ../../Packages/MacPilotRemoteProtocol;
		};
/* End XCLocalSwiftPackageReference section */

/* Begin XCSwiftPackageProductDependency section */
		2DA6CC718265164CF50E009F /* MacPilotRemoteProtocol */ = {
			isa = XCSwiftPackageProductDependency;
			productName = MacPilotRemoteProtocol;
		};
		EC71CA884A51DA6FA3C258DF /* MacPilotRemoteTransport */ = {
			isa = XCSwiftPackageProductDependency;
			productName = MacPilotRemoteTransport;
		};
/* End XCSwiftPackageProductDependency section */
	};
	rootObject = 8C641AE4462303326A5A6484 /* Project object */;
}
